// !$*UTF8*$!
{
	archiveVersion = 1;
	classes = {
	};
	objectVersion = 46;
	objects = {

/* Begin PBXBuildFile section */
		36E745231AD49B1300DAFAEB /* main.m in Sources */ = {isa = PBXBuildFile; fileRef = 36E745221AD49B1300DAFAEB /* main.m */; };
		36E745261AD49B1300DAFAEB /* AppDelegate.m in Sources */ = {isa = PBXBuildFile; fileRef = 36E745251AD49B1300DAFAEB /* AppDelegate.m */; };
		36E745291AD49B1300DAFAEB /* GameScene.m in Sources */ = {isa = PBXBuildFile; fileRef = 36E745281AD49B1300DAFAEB /* GameScene.m */; };
		36E7452B1AD49B1300DAFAEB /* GameScene.sks in Resources */ = {isa = PBXBuildFile; fileRef = 36E7452A1AD49B1300DAFAEB /* GameScene.sks */; };
		36E7452E1AD49B1300DAFAEB /* GameViewController.m in Sources */ = {isa = PBXBuildFile; fileRef = 36E7452D1AD49B1300DAFAEB /* GameViewController.m */; };
		36E745311AD49B1300DAFAEB /* Main.storyboard in Resources */ = {isa = PBXBuildFile; fileRef = 36E7452F1AD49B1300DAFAEB /* Main.storyboard */; };
		36E745331AD49B1300DAFAEB /* Images.xcassets in Resources */ = {isa = PBXBuildFile; fileRef = 36E745321AD49B1300DAFAEB /* Images.xcassets */; };
		36E745361AD49B1400DAFAEB /* LaunchScreen.xib in Resources */ = {isa = PBXBuildFile; fileRef = 36E745341AD49B1400DAFAEB /* LaunchScreen.xib */; };
		36E745421AD49B1400DAFAEB /* Z_FortressTests.m in Sources */ = {isa = PBXBuildFile; fileRef = 36E745411AD49B1400DAFAEB /* Z_FortressTests.m */; };
		36E745521AD4AD8B00DAFAEB /* grassTile.png in Resources */ = {isa = PBXBuildFile; fileRef = 36E745511AD4AD8B00DAFAEB /* grassTile.png */; };
		D72AE71B1AE083E40028F82C /* Grid.m in Sources */ = {isa = PBXBuildFile; fileRef = D72AE71A1AE083E40028F82C /* Grid.m */; };
		D75B5E9D1AD60526000E00F8 /* heroWalkDown.png in Resources */ = {isa = PBXBuildFile; fileRef = D75B5E991AD60526000E00F8 /* heroWalkDown.png */; };
		D75B5E9E1AD60526000E00F8 /* heroWalkLeft.png in Resources */ = {isa = PBXBuildFile; fileRef = D75B5E9A1AD60526000E00F8 /* heroWalkLeft.png */; };
		D75B5E9F1AD60526000E00F8 /* heroWalkRight.png in Resources */ = {isa = PBXBuildFile; fileRef = D75B5E9B1AD60526000E00F8 /* heroWalkRight.png */; };
		D75B5EA01AD60526000E00F8 /* heroWalkUp.png in Resources */ = {isa = PBXBuildFile; fileRef = D75B5E9C1AD60526000E00F8 /* heroWalkUp.png */; };
		D75B5EA31AD613C7000E00F8 /* Hero.m in Sources */ = {isa = PBXBuildFile; fileRef = D75B5EA21AD613C7000E00F8 /* Hero.m */; };
/* End PBXBuildFile section */

/* Begin PBXContainerItemProxy section */
		36E7453C1AD49B1400DAFAEB /* PBXContainerItemProxy */ = {
			isa = PBXContainerItemProxy;
			containerPortal = 36E745151AD49B1300DAFAEB /* Project object */;
			proxyType = 1;
			remoteGlobalIDString = 36E7451C1AD49B1300DAFAEB;
			remoteInfo = "Z-Fortress";
		};
/* End PBXContainerItemProxy section */

/* Begin PBXFileReference section */
		36E7451D1AD49B1300DAFAEB /* Z-Fortress.app */ = {isa = PBXFileReference; explicitFileType = wrapper.application; includeInIndex = 0; path = "Z-Fortress.app"; sourceTree = BUILT_PRODUCTS_DIR; };
		36E745211AD49B1300DAFAEB /* Info.plist */ = {isa = PBXFileReference; lastKnownFileType = text.plist.xml; path = Info.plist; sourceTree = "<group>"; };
		36E745221AD49B1300DAFAEB /* main.m */ = {isa = PBXFileReference; lastKnownFileType = sourcecode.c.objc; path = main.m; sourceTree = "<group>"; };
		36E745241AD49B1300DAFAEB /* AppDelegate.h */ = {isa = PBXFileReference; lastKnownFileType = sourcecode.c.h; path = AppDelegate.h; sourceTree = "<group>"; };
		36E745251AD49B1300DAFAEB /* AppDelegate.m */ = {isa = PBXFileReference; lastKnownFileType = sourcecode.c.objc; path = AppDelegate.m; sourceTree = "<group>"; };
		36E745271AD49B1300DAFAEB /* GameScene.h */ = {isa = PBXFileReference; lastKnownFileType = sourcecode.c.h; path = GameScene.h; sourceTree = "<group>"; };
		36E745281AD49B1300DAFAEB /* GameScene.m */ = {isa = PBXFileReference; lastKnownFileType = sourcecode.c.objc; path = GameScene.m; sourceTree = "<group>"; };
		36E7452A1AD49B1300DAFAEB /* GameScene.sks */ = {isa = PBXFileReference; lastKnownFileType = file.sks; path = GameScene.sks; sourceTree = "<group>"; };
		36E7452C1AD49B1300DAFAEB /* GameViewController.h */ = {isa = PBXFileReference; lastKnownFileType = sourcecode.c.h; path = GameViewController.h; sourceTree = "<group>"; };
		36E7452D1AD49B1300DAFAEB /* GameViewController.m */ = {isa = PBXFileReference; lastKnownFileType = sourcecode.c.objc; path = GameViewController.m; sourceTree = "<group>"; };
		36E745301AD49B1300DAFAEB /* Base */ = {isa = PBXFileReference; lastKnownFileType = file.storyboard; name = Base; path = Base.lproj/Main.storyboard; sourceTree = "<group>"; };
		36E745321AD49B1300DAFAEB /* Images.xcassets */ = {isa = PBXFileReference; lastKnownFileType = folder.assetcatalog; path = Images.xcassets; sourceTree = "<group>"; };
		36E745351AD49B1400DAFAEB /* Base */ = {isa = PBXFileReference; lastKnownFileType = file.xib; name = Base; path = Base.lproj/LaunchScreen.xib; sourceTree = "<group>"; };
		36E7453B1AD49B1400DAFAEB /* Z-FortressTests.xctest */ = {isa = PBXFileReference; explicitFileType = wrapper.cfbundle; includeInIndex = 0; path = "Z-FortressTests.xctest"; sourceTree = BUILT_PRODUCTS_DIR; };
		36E745401AD49B1400DAFAEB /* Info.plist */ = {isa = PBXFileReference; lastKnownFileType = text.plist.xml; path = Info.plist; sourceTree = "<group>"; };
		36E745411AD49B1400DAFAEB /* Z_FortressTests.m */ = {isa = PBXFileReference; lastKnownFileType = sourcecode.c.objc; path = Z_FortressTests.m; sourceTree = "<group>"; };
		36E745511AD4AD8B00DAFAEB /* grassTile.png */ = {isa = PBXFileReference; lastKnownFileType = image.png; path = grassTile.png; sourceTree = "<group>"; };
		D72AE7191AE083E40028F82C /* Grid.h */ = {isa = PBXFileReference; fileEncoding = 4; lastKnownFileType = sourcecode.c.h; path = Grid.h; sourceTree = "<group>"; };
		D72AE71A1AE083E40028F82C /* Grid.m */ = {isa = PBXFileReference; fileEncoding = 4; lastKnownFileType = sourcecode.c.objc; path = Grid.m; sourceTree = "<group>"; };
		D75B5E991AD60526000E00F8 /* heroWalkDown.png */ = {isa = PBXFileReference; lastKnownFileType = image.png; path = heroWalkDown.png; sourceTree = "<group>"; };
		D75B5E9A1AD60526000E00F8 /* heroWalkLeft.png */ = {isa = PBXFileReference; lastKnownFileType = image.png; path = heroWalkLeft.png; sourceTree = "<group>"; };
		D75B5E9B1AD60526000E00F8 /* heroWalkRight.png */ = {isa = PBXFileReference; lastKnownFileType = image.png; path = heroWalkRight.png; sourceTree = "<group>"; };
		D75B5E9C1AD60526000E00F8 /* heroWalkUp.png */ = {isa = PBXFileReference; lastKnownFileType = image.png; path = heroWalkUp.png; sourceTree = "<group>"; };
		D75B5EA11AD613C7000E00F8 /* Hero.h */ = {isa = PBXFileReference; fileEncoding = 4; lastKnownFileType = sourcecode.c.h; path = Hero.h; sourceTree = "<group>"; };
		D75B5EA21AD613C7000E00F8 /* Hero.m */ = {isa = PBXFileReference; fileEncoding = 4; lastKnownFileType = sourcecode.c.objc; path = Hero.m; sourceTree = "<group>"; };
/* End PBXFileReference section */

/* Begin PBXFrameworksBuildPhase section */
		36E7451A1AD49B1300DAFAEB /* Frameworks */ = {
			isa = PBXFrameworksBuildPhase;
			buildActionMask = 2147483647;
			files = (
			);
			runOnlyForDeploymentPostprocessing = 0;
		};
		36E745381AD49B1400DAFAEB /* Frameworks */ = {
			isa = PBXFrameworksBuildPhase;
			buildActionMask = 2147483647;
			files = (
			);
			runOnlyForDeploymentPostprocessing = 0;
		};
/* End PBXFrameworksBuildPhase section */

/* Begin PBXGroup section */
		36E745141AD49B1300DAFAEB = {
			isa = PBXGroup;
			children = (
				36E7451F1AD49B1300DAFAEB /* Z-Fortress */,
				36E7453E1AD49B1400DAFAEB /* Z-FortressTests */,
				36E7451E1AD49B1300DAFAEB /* Products */,
			);
			sourceTree = "<group>";
		};
		36E7451E1AD49B1300DAFAEB /* Products */ = {
			isa = PBXGroup;
			children = (
				36E7451D1AD49B1300DAFAEB /* Z-Fortress.app */,
				36E7453B1AD49B1400DAFAEB /* Z-FortressTests.xctest */,
			);
			name = Products;
			sourceTree = "<group>";
		};
		36E7451F1AD49B1300DAFAEB /* Z-Fortress */ = {
			isa = PBXGroup;
			children = (
				36E745531AD4E29900DAFAEB /* Graphics */,
				36E745241AD49B1300DAFAEB /* AppDelegate.h */,
				36E745251AD49B1300DAFAEB /* AppDelegate.m */,
				36E745271AD49B1300DAFAEB /* GameScene.h */,
				36E745281AD49B1300DAFAEB /* GameScene.m */,
				D75B5EA11AD613C7000E00F8 /* Hero.h */,
				D75B5EA21AD613C7000E00F8 /* Hero.m */,
				D72AE7191AE083E40028F82C /* Grid.h */,
				D72AE71A1AE083E40028F82C /* Grid.m */,
				36E7452A1AD49B1300DAFAEB /* GameScene.sks */,
				36E7452C1AD49B1300DAFAEB /* GameViewController.h */,
				36E7452D1AD49B1300DAFAEB /* GameViewController.m */,
				36E7452F1AD49B1300DAFAEB /* Main.storyboard */,
				36E745321AD49B1300DAFAEB /* Images.xcassets */,
				36E745341AD49B1400DAFAEB /* LaunchScreen.xib */,
				36E745201AD49B1300DAFAEB /* Supporting Files */,
			);
			path = "Z-Fortress";
			sourceTree = "<group>";
		};
		36E745201AD49B1300DAFAEB /* Supporting Files */ = {
			isa = PBXGroup;
			children = (
				36E745211AD49B1300DAFAEB /* Info.plist */,
				36E745221AD49B1300DAFAEB /* main.m */,
			);
			name = "Supporting Files";
			sourceTree = "<group>";
		};
		36E7453E1AD49B1400DAFAEB /* Z-FortressTests */ = {
			isa = PBXGroup;
			children = (
				36E745411AD49B1400DAFAEB /* Z_FortressTests.m */,
				36E7453F1AD49B1400DAFAEB /* Supporting Files */,
			);
			path = "Z-FortressTests";
			sourceTree = "<group>";
		};
		36E7453F1AD49B1400DAFAEB /* Supporting Files */ = {
			isa = PBXGroup;
			children = (
				36E745401AD49B1400DAFAEB /* Info.plist */,
			);
			name = "Supporting Files";
			sourceTree = "<group>";
		};
		36E745531AD4E29900DAFAEB /* Graphics */ = {
			isa = PBXGroup;
			children = (
				D75B5E991AD60526000E00F8 /* heroWalkDown.png */,
				D75B5E9A1AD60526000E00F8 /* heroWalkLeft.png */,
				D75B5E9B1AD60526000E00F8 /* heroWalkRight.png */,
				D75B5E9C1AD60526000E00F8 /* heroWalkUp.png */,
				36E745511AD4AD8B00DAFAEB /* grassTile.png */,
			);
			name = Graphics;
			sourceTree = "<group>";
		};
/* End PBXGroup section */

/* Begin PBXNativeTarget section */
		36E7451C1AD49B1300DAFAEB /* Z-Fortress */ = {
			isa = PBXNativeTarget;
			buildConfigurationList = 36E745451AD49B1400DAFAEB /* Build configuration list for PBXNativeTarget "Z-Fortress" */;
			buildPhases = (
				36E745191AD49B1300DAFAEB /* Sources */,
				36E7451A1AD49B1300DAFAEB /* Frameworks */,
				36E7451B1AD49B1300DAFAEB /* Resources */,
			);
			buildRules = (
			);
			dependencies = (
			);
			name = "Z-Fortress";
			productName = "Z-Fortress";
			productReference = 36E7451D1AD49B1300DAFAEB /* Z-Fortress.app */;
			productType = "com.apple.product-type.application";
		};
		36E7453A1AD49B1400DAFAEB /* Z-FortressTests */ = {
			isa = PBXNativeTarget;
			buildConfigurationList = 36E745481AD49B1400DAFAEB /* Build configuration list for PBXNativeTarget "Z-FortressTests" */;
			buildPhases = (
				36E745371AD49B1400DAFAEB /* Sources */,
				36E745381AD49B1400DAFAEB /* Frameworks */,
				36E745391AD49B1400DAFAEB /* Resources */,
			);
			buildRules = (
			);
			dependencies = (
				36E7453D1AD49B1400DAFAEB /* PBXTargetDependency */,
			);
			name = "Z-FortressTests";
			productName = "Z-FortressTests";
			productReference = 36E7453B1AD49B1400DAFAEB /* Z-FortressTests.xctest */;
			productType = "com.apple.product-type.bundle.unit-test";
		};
/* End PBXNativeTarget section */

/* Begin PBXProject section */
		36E745151AD49B1300DAFAEB /* Project object */ = {
			isa = PBXProject;
			attributes = {
				LastUpgradeCheck = 0610;
				ORGANIZATIONNAME = "ECS 199";
				TargetAttributes = {
					36E7451C1AD49B1300DAFAEB = {
						CreatedOnToolsVersion = 6.1.1;
					};
					36E7453A1AD49B1400DAFAEB = {
						CreatedOnToolsVersion = 6.1.1;
						TestTargetID = 36E7451C1AD49B1300DAFAEB;
					};
				};
			};
			buildConfigurationList = 36E745181AD49B1300DAFAEB /* Build configuration list for PBXProject "Z-Fortress" */;
			compatibilityVersion = "Xcode 3.2";
			developmentRegion = English;
			hasScannedForEncodings = 0;
			knownRegions = (
				en,
				Base,
			);
			mainGroup = 36E745141AD49B1300DAFAEB;
			productRefGroup = 36E7451E1AD49B1300DAFAEB /* Products */;
			projectDirPath = "";
			projectRoot = "";
			targets = (
				36E7451C1AD49B1300DAFAEB /* Z-Fortress */,
				36E7453A1AD49B1400DAFAEB /* Z-FortressTests */,
			);
		};
/* End PBXProject section */

/* Begin PBXResourcesBuildPhase section */
		36E7451B1AD49B1300DAFAEB /* Resources */ = {
			isa = PBXResourcesBuildPhase;
			buildActionMask = 2147483647;
			files = (
				D75B5EA01AD60526000E00F8 /* heroWalkUp.png in Resources */,
				D75B5E9E1AD60526000E00F8 /* heroWalkLeft.png in Resources */,
				36E745361AD49B1400DAFAEB /* LaunchScreen.xib in Resources */,
				36E745331AD49B1300DAFAEB /* Images.xcassets in Resources */,
				36E7452B1AD49B1300DAFAEB /* GameScene.sks in Resources */,
				D75B5E9D1AD60526000E00F8 /* heroWalkDown.png in Resources */,
				D75B5E9F1AD60526000E00F8 /* heroWalkRight.png in Resources */,
				36E745521AD4AD8B00DAFAEB /* grassTile.png in Resources */,
				36E745311AD49B1300DAFAEB /* Main.storyboard in Resources */,
			);
			runOnlyForDeploymentPostprocessing = 0;
		};
		36E745391AD49B1400DAFAEB /* Resources */ = {
			isa = PBXResourcesBuildPhase;
			buildActionMask = 2147483647;
			files = (
			);
			runOnlyForDeploymentPostprocessing = 0;
		};
/* End PBXResourcesBuildPhase section */

/* Begin PBXSourcesBuildPhase section */
		36E745191AD49B1300DAFAEB /* Sources */ = {
			isa = PBXSourcesBuildPhase;
			buildActionMask = 2147483647;
			files = (
				D75B5EA31AD613C7000E00F8 /* Hero.m in Sources */,
				D72AE71B1AE083E40028F82C /* Grid.m in Sources */,
				36E7452E1AD49B1300DAFAEB /* GameViewController.m in Sources */,
				36E745261AD49B1300DAFAEB /* AppDelegate.m in Sources */,
				36E745291AD49B1300DAFAEB /* GameScene.m in Sources */,
				36E745231AD49B1300DAFAEB /* main.m in Sources */,
			);
			runOnlyForDeploymentPostprocessing = 0;
		};
		36E745371AD49B1400DAFAEB /* Sources */ = {
			isa = PBXSourcesBuildPhase;
			buildActionMask = 2147483647;
			files = (
				36E745421AD49B1400DAFAEB /* Z_FortressTests.m in Sources */,
			);
			runOnlyForDeploymentPostprocessing = 0;
		};
/* End PBXSourcesBuildPhase section */

/* Begin PBXTargetDependency section */
		36E7453D1AD49B1400DAFAEB /* PBXTargetDependency */ = {
			isa = PBXTargetDependency;
			target = 36E7451C1AD49B1300DAFAEB /* Z-Fortress */;
			targetProxy = 36E7453C1AD49B1400DAFAEB /* PBXContainerItemProxy */;
		};
/* End PBXTargetDependency section */

/* Begin PBXVariantGroup section */
		36E7452F1AD49B1300DAFAEB /* Main.storyboard */ = {
			isa = PBXVariantGroup;
			children = (
				36E745301AD49B1300DAFAEB /* Base */,
			);
			name = Main.storyboard;
			sourceTree = "<group>";
		};
		36E745341AD49B1400DAFAEB /* LaunchScreen.xib */ = {
			isa = PBXVariantGroup;
			children = (
				36E745351AD49B1400DAFAEB /* Base */,
			);
			name = LaunchScreen.xib;
			sourceTree = "<group>";
		};
/* End PBXVariantGroup section */

/* Begin XCBuildConfiguration section */
		36E745431AD49B1400DAFAEB /* Debug */ = {
			isa = XCBuildConfiguration;
			buildSettings = {
				ALWAYS_SEARCH_USER_PATHS = NO;
				CLANG_CXX_LANGUAGE_STANDARD = "gnu++0x";
				CLANG_CXX_LIBRARY = "libc++";
				CLANG_ENABLE_MODULES = YES;
				CLANG_ENABLE_OBJC_ARC = YES;
				CLANG_WARN_BOOL_CONVERSION = YES;
				CLANG_WARN_CONSTANT_CONVERSION = YES;
				CLANG_WARN_DIRECT_OBJC_ISA_USAGE = YES_ERROR;
				CLANG_WARN_EMPTY_BODY = YES;
				CLANG_WARN_ENUM_CONVERSION = YES;
				CLANG_WARN_INT_CONVERSION = YES;
				CLANG_WARN_OBJC_ROOT_CLASS = YES_ERROR;
				CLANG_WARN_UNREACHABLE_CODE = YES;
				CLANG_WARN__DUPLICATE_METHOD_MATCH = YES;
				"CODE_SIGN_IDENTITY[sdk=iphoneos*]" = "iPhone Developer";
				COPY_PHASE_STRIP = NO;
				ENABLE_STRICT_OBJC_MSGSEND = YES;
				GCC_C_LANGUAGE_STANDARD = gnu99;
				GCC_DYNAMIC_NO_PIC = NO;
				GCC_OPTIMIZATION_LEVEL = 0;
				GCC_PREPROCESSOR_DEFINITIONS = (
					"DEBUG=1",
					"$(inherited)",
				);
				GCC_SYMBOLS_PRIVATE_EXTERN = NO;
				GCC_WARN_64_TO_32_BIT_CONVERSION = YES;
				GCC_WARN_ABOUT_RETURN_TYPE = YES_ERROR;
				GCC_WARN_UNDECLARED_SELECTOR = YES;
				GCC_WARN_UNINITIALIZED_AUTOS = YES_AGGRESSIVE;
				GCC_WARN_UNUSED_FUNCTION = YES;
				GCC_WARN_UNUSED_VARIABLE = YES;
				IPHONEOS_DEPLOYMENT_TARGET = 8.1;
				MTL_ENABLE_DEBUG_INFO = YES;
				ONLY_ACTIVE_ARCH = YES;
				SDKROOT = iphoneos;
			};
			name = Debug;
		};
		36E745441AD49B1400DAFAEB /* Release */ = {
			isa = XCBuildConfiguration;
			buildSettings = {
				ALWAYS_SEARCH_USER_PATHS = NO;
				CLANG_CXX_LANGUAGE_STANDARD = "gnu++0x";
				CLANG_CXX_LIBRARY = "libc++";
				CLANG_ENABLE_MODULES = YES;
				CLANG_ENABLE_OBJC_ARC = YES;
				CLANG_WARN_BOOL_CONVERSION = YES;
				CLANG_WARN_CONSTANT_CONVERSION = YES;
				CLANG_WARN_DIRECT_OBJC_ISA_USAGE = YES_ERROR;
				CLANG_WARN_EMPTY_BODY = YES;
				CLANG_WARN_ENUM_CONVERSION = YES;
				CLANG_WARN_INT_CONVERSION = YES;
				CLANG_WARN_OBJC_ROOT_CLASS = YES_ERROR;
				CLANG_WARN_UNREACHABLE_CODE = YES;
				CLANG_WARN__DUPLICATE_METHOD_MATCH = YES;
				"CODE_SIGN_IDENTITY[sdk=iphoneos*]" = "iPhone Developer";
				COPY_PHASE_STRIP = YES;
				ENABLE_NS_ASSERTIONS = NO;
				ENABLE_STRICT_OBJC_MSGSEND = YES;
				GCC_C_LANGUAGE_STANDARD = gnu99;
				GCC_WARN_64_TO_32_BIT_CONVERSION = YES;
				GCC_WARN_ABOUT_RETURN_TYPE = YES_ERROR;
				GCC_WARN_UNDECLARED_SELECTOR = YES;
				GCC_WARN_UNINITIALIZED_AUTOS = YES_AGGRESSIVE;
				GCC_WARN_UNUSED_FUNCTION = YES;
				GCC_WARN_UNUSED_VARIABLE = YES;
				IPHONEOS_DEPLOYMENT_TARGET = 8.1;
				MTL_ENABLE_DEBUG_INFO = NO;
				SDKROOT = iphoneos;
				VALIDATE_PRODUCT = YES;
			};
			name = Release;
		};
		36E745461AD49B1400DAFAEB /* Debug */ = {
			isa = XCBuildConfiguration;
			buildSettings = {
				ASSETCATALOG_COMPILER_APPICON_NAME = AppIcon;
				INFOPLIST_FILE = "Z-Fortress/Info.plist";
				LD_RUNPATH_SEARCH_PATHS = "$(inherited) @executable_path/Frameworks";
				PRODUCT_NAME = "$(TARGET_NAME)";
			};
			name = Debug;
		};
		36E745471AD49B1400DAFAEB /* Release */ = {
			isa = XCBuildConfiguration;
			buildSettings = {
				ASSETCATALOG_COMPILER_APPICON_NAME = AppIcon;
				INFOPLIST_FILE = "Z-Fortress/Info.plist";
				LD_RUNPATH_SEARCH_PATHS = "$(inherited) @executable_path/Frameworks";
				PRODUCT_NAME = "$(TARGET_NAME)";
			};
			name = Release;
		};
		36E745491AD49B1400DAFAEB /* Debug */ = {
			isa = XCBuildConfiguration;
			buildSettings = {
				BUNDLE_LOADER = "$(TEST_HOST)";
				FRAMEWORK_SEARCH_PATHS = (
					"$(SDKROOT)/Developer/Library/Frameworks",
					"$(inherited)",
				);
				GCC_PREPROCESSOR_DEFINITIONS = (
					"DEBUG=1",
					"$(inherited)",
				);
				INFOPLIST_FILE = "Z-FortressTests/Info.plist";
				LD_RUNPATH_SEARCH_PATHS = "$(inherited) @executable_path/Frameworks @loader_path/Frameworks";
				PRODUCT_NAME = "$(TARGET_NAME)";
				TEST_HOST = "$(BUILT_PRODUCTS_DIR)/Z-Fortress.app/Z-Fortress";
			};
			name = Debug;
		};
		36E7454A1AD49B1400DAFAEB /* Release */ = {
			isa = XCBuildConfiguration;
			buildSettings = {
				BUNDLE_LOADER = "$(TEST_HOST)";
				FRAMEWORK_SEARCH_PATHS = (
					"$(SDKROOT)/Developer/Library/Frameworks",
					"$(inherited)",
				);
				INFOPLIST_FILE = "Z-FortressTests/Info.plist";
				LD_RUNPATH_SEARCH_PATHS = "$(inherited) @executable_path/Frameworks @loader_path/Frameworks";
				PRODUCT_NAME = "$(TARGET_NAME)";
				TEST_HOST = "$(BUILT_PRODUCTS_DIR)/Z-Fortress.app/Z-Fortress";
			};
			name = Release;
		};
/* End XCBuildConfiguration section */

/* Begin XCConfigurationList section */
		36E745181AD49B1300DAFAEB /* Build configuration list for PBXProject "Z-Fortress" */ = {
			isa = XCConfigurationList;
			buildConfigurations = (
				36E745431AD49B1400DAFAEB /* Debug */,
				36E745441AD49B1400DAFAEB /* Release */,
			);
			defaultConfigurationIsVisible = 0;
			defaultConfigurationName = Release;
		};
		36E745451AD49B1400DAFAEB /* Build configuration list for PBXNativeTarget "Z-Fortress" */ = {
			isa = XCConfigurationList;
			buildConfigurations = (
				36E745461AD49B1400DAFAEB /* Debug */,
				36E745471AD49B1400DAFAEB /* Release */,
			);
			defaultConfigurationIsVisible = 0;
			defaultConfigurationName = Release;
		};
		36E745481AD49B1400DAFAEB /* Build configuration list for PBXNativeTarget "Z-FortressTests" */ = {
			isa = XCConfigurationList;
			buildConfigurations = (
				36E745491AD49B1400DAFAEB /* Debug */,
				36E7454A1AD49B1400DAFAEB /* Release */,
			);
			defaultConfigurationIsVisible = 0;
			defaultConfigurationName = Release;
		};
/* End XCConfigurationList section */
	};
	rootObject = 36E745151AD49B1300DAFAEB /* Project object */;
}
